
Microsoft Visual Studio Solution File, Format Version 12.00
# Visual Studio Version 16
VisualStudioVersion = 16.0.33214.272
MinimumVisualStudioVersion = 10.0.40219.1
Project("{FAE04EC0-301F-11D3-BF4B-00C04F79EFBC}") = "BankApp", "BankApp\BankApp.csproj", "{E25A3B1D-2758-4A16-B4C9-13770A696ED9}"
EndProject
Project("{FAE04EC0-301F-11D3-BF4B-00C04F79EFBC}") = "BankTests", "BankTests\BankTests.csproj", "{4AE9EE1A-BF19-4206-BF36-4C0162398F7A}"
EndProject
Global
	GlobalSection(SolutionConfigurationPlatforms) = preSolution
		Debug|Any CPU = Debug|Any CPU
		Release|Any CPU = Release|Any CPU
	EndGlobalSection
	GlobalSection(ProjectConfigurationPlatforms) = postSolution
		{E25A3B1D-2758-4A16-B4C9-13770A696ED9}.Debug|Any CPU.ActiveCfg = Debug|Any CPU
		{E25A3B1D-2758-4A16-B4C9-13770A696ED9}.Debug|Any CPU.Build.0 = Debug|Any CPU
		{E25A3B1D-2758-4A16-B4C9-13770A696ED9}.Release|Any CPU.ActiveCfg = Release|Any CPU
		{E25A3B1D-2758-4A16-B4C9-13770A696ED9}.Release|Any CPU.Build.0 = Release|Any CPU
		{4AE9EE1A-BF19-4206-BF36-4C0162398F7A}.Debug|Any CPU.ActiveCfg = Debug|Any CPU
		{4AE9EE1A-BF19-4206-BF36-4C0162398F7A}.Debug|Any CPU.Build.0 = Debug|Any CPU
		{4AE9EE1A-BF19-4206-BF36-4C0162398F7A}.Release|Any CPU.ActiveCfg = Release|Any CPU
		{4AE9EE1A-BF19-4206-BF36-4C0162398F7A}.Release|Any CPU.Build.0 = Release|Any CPU
	EndGlobalSection
	GlobalSection(SolutionProperties) = preSolution
		HideSolutionNode = FALSE
	EndGlobalSection
	GlobalSection(ExtensibilityGlobals) = postSolution
		SolutionGuid = {05AB16E6-CAB0-4A7F-B86A-17BBFC67A691}
	EndGlobalSection
EndGlobal
